// !$*UTF8*$!
{
	archiveVersion = 1;
	classes = {
	};
	objectVersion = 46;
	objects = {

/* Begin PBXBuildFile section */
		539533201ED94284883E10DC /* libPods.a in Frameworks */ = {isa = PBXBuildFile; fileRef = AB7273775E404CF3AE227E89 /* libPods.a */; };
		8A362617158784A100AE978C /* UIKit.framework in Frameworks */ = {isa = PBXBuildFile; fileRef = 8A362616158784A100AE978C /* UIKit.framework */; };
		8A362619158784A100AE978C /* Foundation.framework in Frameworks */ = {isa = PBXBuildFile; fileRef = 8A362618158784A100AE978C /* Foundation.framework */; };
		8A36261B158784A100AE978C /* CoreGraphics.framework in Frameworks */ = {isa = PBXBuildFile; fileRef = 8A36261A158784A100AE978C /* CoreGraphics.framework */; };
		8A362621158784A100AE978C /* InfoPlist.strings in Resources */ = {isa = PBXBuildFile; fileRef = 8A36261F158784A100AE978C /* InfoPlist.strings */; };
		8A362623158784A100AE978C /* main.m in Sources */ = {isa = PBXBuildFile; fileRef = 8A362622158784A100AE978C /* main.m */; };
		8A362627158784A100AE978C /* AppDelegate.m in Sources */ = {isa = PBXBuildFile; fileRef = 8A362626158784A100AE978C /* AppDelegate.m */; };
		8A36262A158784A100AE978C /* ViewController.m in Sources */ = {isa = PBXBuildFile; fileRef = 8A362629158784A100AE978C /* ViewController.m */; };
		8A3626351587872800AE978C /* PassKit.framework in Frameworks */ = {isa = PBXBuildFile; fileRef = 8A3626341587872800AE978C /* PassKit.framework */; };
		8A39897117F397F800FDA25F /* CFNetwork.framework in Frameworks */ = {isa = PBXBuildFile; fileRef = 8A39897017F397F800FDA25F /* CFNetwork.framework */; };
		8A722B1017F23F7C004476C6 /* Default-568h@2x.png in Resources */ = {isa = PBXBuildFile; fileRef = 8A722B0F17F23F7C004476C6 /* Default-568h@2x.png */; };
		8A722B1217F24016004476C6 /* Main.storyboard in Resources */ = {isa = PBXBuildFile; fileRef = 8A722B1117F24016004476C6 /* Main.storyboard */; };
		8A722B1917F27F58004476C6 /* Air Transit.pkpass in Resources */ = {isa = PBXBuildFile; fileRef = 8A722B1817F27F58004476C6 /* Air Transit.pkpass */; };
		8A722B1B17F28066004476C6 /* Coupon.pkpass in Resources */ = {isa = PBXBuildFile; fileRef = 8A722B1A17F28066004476C6 /* Coupon.pkpass */; };
		8A93942617F4B3C5003C56C7 /* SystemConfiguration.framework in Frameworks */ = {isa = PBXBuildFile; fileRef = 8A93942517F4B3C5003C56C7 /* SystemConfiguration.framework */; };
		8A93942B17F4B4D0003C56C7 /* PassServe.m in Sources */ = {isa = PBXBuildFile; fileRef = 8A93942A17F4B4D0003C56C7 /* PassServe.m */; };
/* End PBXBuildFile section */

/* Begin PBXFileReference section */
		8A362612158784A100AE978C /* Lucardio.app */ = {isa = PBXFileReference; explicitFileType = wrapper.application; includeInIndex = 0; path = Lucardio.app; sourceTree = BUILT_PRODUCTS_DIR; };
		8A362616158784A100AE978C /* UIKit.framework */ = {isa = PBXFileReference; lastKnownFileType = wrapper.framework; name = UIKit.framework; path = System/Library/Frameworks/UIKit.framework; sourceTree = SDKROOT; };
		8A362618158784A100AE978C /* Foundation.framework */ = {isa = PBXFileReference; lastKnownFileType = wrapper.framework; name = Foundation.framework; path = System/Library/Frameworks/Foundation.framework; sourceTree = SDKROOT; };
		8A36261A158784A100AE978C /* CoreGraphics.framework */ = {isa = PBXFileReference; lastKnownFileType = wrapper.framework; name = CoreGraphics.framework; path = System/Library/Frameworks/CoreGraphics.framework; sourceTree = SDKROOT; };
		8A36261E158784A100AE978C /* Lucardio-Info.plist */ = {isa = PBXFileReference; lastKnownFileType = text.plist.xml; path = "Lucardio-Info.plist"; sourceTree = "<group>"; };
		8A362620158784A100AE978C /* en */ = {isa = PBXFileReference; lastKnownFileType = text.plist.strings; name = en; path = en.lproj/InfoPlist.strings; sourceTree = "<group>"; };
		8A362622158784A100AE978C /* main.m */ = {isa = PBXFileReference; lastKnownFileType = sourcecode.c.objc; path = main.m; sourceTree = "<group>"; };
		8A362624158784A100AE978C /* Lucardio-Prefix.pch */ = {isa = PBXFileReference; lastKnownFileType = sourcecode.c.h; path = "Lucardio-Prefix.pch"; sourceTree = "<group>"; };
		8A362625158784A100AE978C /* AppDelegate.h */ = {isa = PBXFileReference; lastKnownFileType = sourcecode.c.h; path = AppDelegate.h; sourceTree = "<group>"; };
		8A362626158784A100AE978C /* AppDelegate.m */ = {isa = PBXFileReference; lastKnownFileType = sourcecode.c.objc; path = AppDelegate.m; sourceTree = "<group>"; };
		8A362628158784A100AE978C /* ViewController.h */ = {isa = PBXFileReference; lastKnownFileType = sourcecode.c.h; path = ViewController.h; sourceTree = "<group>"; };
		8A362629158784A100AE978C /* ViewController.m */ = {isa = PBXFileReference; lastKnownFileType = sourcecode.c.objc; path = ViewController.m; sourceTree = "<group>"; };
		8A3626341587872800AE978C /* PassKit.framework */ = {isa = PBXFileReference; lastKnownFileType = wrapper.framework; name = PassKit.framework; path = System/Library/Frameworks/PassKit.framework; sourceTree = SDKROOT; };
		8A39897017F397F800FDA25F /* CFNetwork.framework */ = {isa = PBXFileReference; lastKnownFileType = wrapper.framework; name = CFNetwork.framework; path = System/Library/Frameworks/CFNetwork.framework; sourceTree = SDKROOT; };
		8A722B0F17F23F7C004476C6 /* Default-568h@2x.png */ = {isa = PBXFileReference; lastKnownFileType = image.png; path = "Default-568h@2x.png"; sourceTree = "<group>"; };
		8A722B1117F24016004476C6 /* Main.storyboard */ = {isa = PBXFileReference; fileEncoding = 4; lastKnownFileType = file.storyboard; path = Main.storyboard; sourceTree = "<group>"; };
		8A722B1817F27F58004476C6 /* Air Transit.pkpass */ = {isa = PBXFileReference; lastKnownFileType = file; path = "Air Transit.pkpass"; sourceTree = "<group>"; };
		8A722B1A17F28066004476C6 /* Coupon.pkpass */ = {isa = PBXFileReference; lastKnownFileType = file; path = Coupon.pkpass; sourceTree = "<group>"; };
		8A93942517F4B3C5003C56C7 /* SystemConfiguration.framework */ = {isa = PBXFileReference; lastKnownFileType = wrapper.framework; name = SystemConfiguration.framework; path = System/Library/Frameworks/SystemConfiguration.framework; sourceTree = SDKROOT; };
		8A93942917F4B4D0003C56C7 /* PassServe.h */ = {isa = PBXFileReference; fileEncoding = 4; lastKnownFileType = sourcecode.c.h; name = PassServe.h; path = ../PassServe.h; sourceTree = "<group>"; };
		8A93942A17F4B4D0003C56C7 /* PassServe.m */ = {isa = PBXFileReference; fileEncoding = 4; lastKnownFileType = sourcecode.c.objc; name = PassServe.m; path = ../PassServe.m; sourceTree = "<group>"; };
		AB7273775E404CF3AE227E89 /* libPods.a */ = {isa = PBXFileReference; explicitFileType = archive.ar; includeInIndex = 0; path = libPods.a; sourceTree = BUILT_PRODUCTS_DIR; };
		C0BC1CED426C4A80A5FC7120 /* Pods.xcconfig */ = {isa = PBXFileReference; includeInIndex = 1; lastKnownFileType = text.xcconfig; name = Pods.xcconfig; path = Pods/Pods.xcconfig; sourceTree = "<group>"; };
/* End PBXFileReference section */

/* Begin PBXFrameworksBuildPhase section */
		8A36260F158784A100AE978C /* Frameworks */ = {
			isa = PBXFrameworksBuildPhase;
			buildActionMask = 2147483647;
			files = (
				8A93942617F4B3C5003C56C7 /* SystemConfiguration.framework in Frameworks */,
				8A36261B158784A100AE978C /* CoreGraphics.framework in Frameworks */,
				8A39897117F397F800FDA25F /* CFNetwork.framework in Frameworks */,
				8A3626351587872800AE978C /* PassKit.framework in Frameworks */,
				8A362617158784A100AE978C /* UIKit.framework in Frameworks */,
				8A362619158784A100AE978C /* Foundation.framework in Frameworks */,
				539533201ED94284883E10DC /* libPods.a in Frameworks */,
			);
			runOnlyForDeploymentPostprocessing = 0;
		};
/* End PBXFrameworksBuildPhase section */

/* Begin PBXGroup section */
		8A2B025E15892D3100798C90 /* Passes */ = {
			isa = PBXGroup;
			children = (
				8A722B1A17F28066004476C6 /* Coupon.pkpass */,
				8A722B1817F27F58004476C6 /* Air Transit.pkpass */,
			);
			name = Passes;
			sourceTree = "<group>";
		};
		8A362607158784A100AE978C = {
			isa = PBXGroup;
			children = (
				8A722B1117F24016004476C6 /* Main.storyboard */,
				8A722B0F17F23F7C004476C6 /* Default-568h@2x.png */,
				8A36261C158784A100AE978C /* Lucardio */,
				8A362615158784A100AE978C /* Frameworks */,
				8A362613158784A100AE978C /* Products */,
				C0BC1CED426C4A80A5FC7120 /* Pods.xcconfig */,
			);
			sourceTree = "<group>";
		};
		8A362613158784A100AE978C /* Products */ = {
			isa = PBXGroup;
			children = (
				8A362612158784A100AE978C /* Lucardio.app */,
			);
			name = Products;
			sourceTree = "<group>";
		};
		8A362615158784A100AE978C /* Frameworks */ = {
			isa = PBXGroup;
			children = (
				8A93942517F4B3C5003C56C7 /* SystemConfiguration.framework */,
				8A39897017F397F800FDA25F /* CFNetwork.framework */,
				8A3626341587872800AE978C /* PassKit.framework */,
				8A362616158784A100AE978C /* UIKit.framework */,
				8A362618158784A100AE978C /* Foundation.framework */,
				8A36261A158784A100AE978C /* CoreGraphics.framework */,
				AB7273775E404CF3AE227E89 /* libPods.a */,
			);
			name = Frameworks;
			sourceTree = "<group>";
		};
		8A36261C158784A100AE978C /* Lucardio */ = {
			isa = PBXGroup;
			children = (
				8A362625158784A100AE978C /* AppDelegate.h */,
				8A362626158784A100AE978C /* AppDelegate.m */,
				8A362628158784A100AE978C /* ViewController.h */,
				8A362629158784A100AE978C /* ViewController.m */,
				8A36261D158784A100AE978C /* Supporting Files */,
			);
			path = Lucardio;
			sourceTree = "<group>";
		};
		8A36261D158784A100AE978C /* Supporting Files */ = {
			isa = PBXGroup;
			children = (
				8A93942917F4B4D0003C56C7 /* PassServe.h */,
				8A93942A17F4B4D0003C56C7 /* PassServe.m */,
				8A36261E158784A100AE978C /* Lucardio-Info.plist */,
				8A36261F158784A100AE978C /* InfoPlist.strings */,
				8A2B025E15892D3100798C90 /* Passes */,
				8A362622158784A100AE978C /* main.m */,
				8A362624158784A100AE978C /* Lucardio-Prefix.pch */,
			);
			name = "Supporting Files";
			sourceTree = "<group>";
		};
/* End PBXGroup section */

/* Begin PBXNativeTarget section */
		8A362611158784A100AE978C /* Lucardio */ = {
			isa = PBXNativeTarget;
			buildConfigurationList = 8A362630158784A100AE978C /* Build configuration list for PBXNativeTarget "Lucardio" */;
			buildPhases = (
				B3D5731E672348DFA676E05F /* Check Pods Manifest.lock */,
				8A36260E158784A100AE978C /* Sources */,
				8A36260F158784A100AE978C /* Frameworks */,
				8A362610158784A100AE978C /* Resources */,
				E162FAC1305442B5BE763C27 /* Copy Pods Resources */,
			);
			buildRules = (
			);
			dependencies = (
			);
			name = Lucardio;
			productName = Lucardio;
			productReference = 8A362612158784A100AE978C /* Lucardio.app */;
			productType = "com.apple.product-type.application";
		};
/* End PBXNativeTarget section */

/* Begin PBXProject section */
		8A362609158784A100AE978C /* Project object */ = {
			isa = PBXProject;
			attributes = {
				LastUpgradeCheck = 0500;
				ORGANIZATIONNAME = "Keaton Burleson";
			};
			buildConfigurationList = 8A36260C158784A100AE978C /* Build configuration list for PBXProject "Lucardio" */;
			compatibilityVersion = "Xcode 3.2";
			developmentRegion = English;
			hasScannedForEncodings = 0;
			knownRegions = (
				en,
			);
			mainGroup = 8A362607158784A100AE978C;
			productRefGroup = 8A362613158784A100AE978C /* Products */;
			projectDirPath = "";
			projectRoot = "";
			targets = (
				8A362611158784A100AE978C /* Lucardio */,
			);
		};
/* End PBXProject section */

/* Begin PBXResourcesBuildPhase section */
		8A362610158784A100AE978C /* Resources */ = {
			isa = PBXResourcesBuildPhase;
			buildActionMask = 2147483647;
			files = (
				8A362621158784A100AE978C /* InfoPlist.strings in Resources */,
				8A722B1917F27F58004476C6 /* Air Transit.pkpass in Resources */,
				8A722B1017F23F7C004476C6 /* Default-568h@2x.png in Resources */,
				8A722B1B17F28066004476C6 /* Coupon.pkpass in Resources */,
				8A722B1217F24016004476C6 /* Main.storyboard in Resources */,
			);
			runOnlyForDeploymentPostprocessing = 0;
		};
/* End PBXResourcesBuildPhase section */

/* Begin PBXShellScriptBuildPhase section */
		B3D5731E672348DFA676E05F /* Check Pods Manifest.lock */ = {
			isa = PBXShellScriptBuildPhase;
			buildActionMask = 2147483647;
			files = (
			);
			inputPaths = (
			);
			name = "Check Pods Manifest.lock";
			outputPaths = (
			);
			runOnlyForDeploymentPostprocessing = 0;
			shellPath = /bin/sh;
			shellScript = "diff \"${PODS_ROOT}/../Podfile.lock\" \"${PODS_ROOT}/Manifest.lock\" > /dev/null\nif [[ $? != 0 ]] ; then\n    cat << EOM\nerror: The sandbox is not in sync with the Podfile.lock. Run 'pod install' or update your CocoaPods installation.\nEOM\n    exit 1\nfi\n";
			showEnvVarsInLog = 0;
		};
		E162FAC1305442B5BE763C27 /* Copy Pods Resources */ = {
			isa = PBXShellScriptBuildPhase;
			buildActionMask = 2147483647;
			files = (
			);
			inputPaths = (
			);
			name = "Copy Pods Resources";
			outputPaths = (
			);
			runOnlyForDeploymentPostprocessing = 0;
			shellPath = /bin/sh;
			shellScript = "\"${SRCROOT}/Pods/Pods-resources.sh\"\n";
			showEnvVarsInLog = 0;
		};
/* End PBXShellScriptBuildPhase section */

/* Begin PBXSourcesBuildPhase section */
		8A36260E158784A100AE978C /* Sources */ = {
			isa = PBXSourcesBuildPhase;
			buildActionMask = 2147483647;
			files = (
				8A362623158784A100AE978C /* main.m in Sources */,
				8A362627158784A100AE978C /* AppDelegate.m in Sources */,
				8A93942B17F4B4D0003C56C7 /* PassServe.m in Sources */,
				8A36262A158784A100AE978C /* ViewController.m in Sources */,
			);
			runOnlyForDeploymentPostprocessing = 0;
		};
/* End PBXSourcesBuildPhase section */

/* Begin PBXVariantGroup section */
		8A36261F158784A100AE978C /* InfoPlist.strings */ = {
			isa = PBXVariantGroup;
			children = (
				8A362620158784A100AE978C /* en */,
			);
			name = InfoPlist.strings;
			sourceTree = "<group>";
		};
/* End PBXVariantGroup section */

/* Begin XCBuildConfiguration section */
		8A36262E158784A100AE978C /* Debug */ = {
			isa = XCBuildConfiguration;
			buildSettings = {
				ALWAYS_SEARCH_USER_PATHS = NO;
				CLANG_CXX_LANGUAGE_STANDARD = "gnu++0x";
				CLANG_ENABLE_OBJC_ARC = YES;
				CLANG_WARN__DUPLICATE_METHOD_MATCH = YES;
				"CODE_SIGN_IDENTITY[sdk=iphoneos*]" = "iPhone Developer";
				COPY_PHASE_STRIP = NO;
				GCC_C_LANGUAGE_STANDARD = gnu99;
				GCC_DYNAMIC_NO_PIC = NO;
				GCC_OPTIMIZATION_LEVEL = 0;
				GCC_PREPROCESSOR_DEFINITIONS = (
					"DEBUG=1",
					"$(inherited)",
				);
				GCC_SYMBOLS_PRIVATE_EXTERN = NO;
				GCC_WARN_ABOUT_RETURN_TYPE = YES;
				GCC_WARN_UNINITIALIZED_AUTOS = YES;
				GCC_WARN_UNUSED_VARIABLE = YES;
				IPHONEOS_DEPLOYMENT_TARGET = 7.0;
				ONLY_ACTIVE_ARCH = YES;
				SDKROOT = iphoneos;
			};
			name = Debug;
		};
		8A36262F158784A100AE978C /* Release */ = {
			isa = XCBuildConfiguration;
			buildSettings = {
				ALWAYS_SEARCH_USER_PATHS = NO;
				CLANG_CXX_LANGUAGE_STANDARD = "gnu++0x";
				CLANG_ENABLE_OBJC_ARC = YES;
				CLANG_WARN__DUPLICATE_METHOD_MATCH = YES;
				"CODE_SIGN_IDENTITY[sdk=iphoneos*]" = "iPhone Developer";
				COPY_PHASE_STRIP = YES;
				GCC_C_LANGUAGE_STANDARD = gnu99;
				GCC_WARN_ABOUT_RETURN_TYPE = YES;
				GCC_WARN_UNINITIALIZED_AUTOS = YES;
				GCC_WARN_UNUSED_VARIABLE = YES;
				IPHONEOS_DEPLOYMENT_TARGET = 7.0;
				OTHER_CFLAGS = "-DNS_BLOCK_ASSERTIONS=1";
				SDKROOT = iphoneos;
				VALIDATE_PRODUCT = YES;
			};
			name = Release;
		};
		8A362631158784A100AE978C /* Debug */ = {
			isa = XCBuildConfiguration;
			baseConfigurationReference = C0BC1CED426C4A80A5FC7120 /* Pods.xcconfig */;
			buildSettings = {
				CODE_SIGN_ENTITLEMENTS = "";
				FRAMEWORK_SEARCH_PATHS = (
					"$(inherited)",
					/Users/keatonburleson/Documents/Lucardio,
					/Users/keatonburleson/Desktop,
				);
				GCC_PRECOMPILE_PREFIX_HEADER = YES;
				GCC_PREFIX_HEADER = "Lucardio/Lucardio-Prefix.pch";
				INFOPLIST_FILE = "Lucardio/Lucardio-Info.plist";
				IPHONEOS_DEPLOYMENT_TARGET = 7.0;
				PRODUCT_NAME = "$(TARGET_NAME)";
				WRAPPER_EXTENSION = app;
			};
			name = Debug;
		};
		8A362632158784A100AE978C /* Release */ = {
			isa = XCBuildConfiguration;
			baseConfigurationReference = C0BC1CED426C4A80A5FC7120 /* Pods.xcconfig */;
			buildSettings = {
				CODE_SIGN_ENTITLEMENTS = "";
				FRAMEWORK_SEARCH_PATHS = (
					"$(inherited)",
					/Users/keatonburleson/Documents/Lucardio,
					/Users/keatonburleson/Desktop,
				);
				GCC_PRECOMPILE_PREFIX_HEADER = YES;
				GCC_PREFIX_HEADER = "Lucardio/Lucardio-Prefix.pch";
				INFOPLIST_FILE = "Lucardio/Lucardio-Info.plist";
				IPHONEOS_DEPLOYMENT_TARGET = 7.0;
				PRODUCT_NAME = "$(TARGET_NAME)";
				WRAPPER_EXTENSION = app;
			};
			name = Release;
		};
/* End XCBuildConfiguration section */

/* Begin XCConfigurationList section */
		8A36260C158784A100AE978C /* Build configuration list for PBXProject "Lucardio" */ = {
			isa = XCConfigurationList;
			buildConfigurations = (
				8A36262E158784A100AE978C /* Debug */,
				8A36262F158784A100AE978C /* Release */,
			);
			defaultConfigurationIsVisible = 0;
			defaultConfigurationName = Release;
		};
		8A362630158784A100AE978C /* Build configuration list for PBXNativeTarget "Lucardio" */ = {
			isa = XCConfigurationList;
			buildConfigurations = (
				8A362631158784A100AE978C /* Debug */,
				8A362632158784A100AE978C /* Release */,
			);
			defaultConfigurationIsVisible = 0;
			defaultConfigurationName = Release;
		};
/* End XCConfigurationList section */
	};
	rootObject = 8A362609158784A100AE978C /* Project object */;
}
